
Microsoft Visual Studio Solution File, Format Version 12.00
# Visual Studio Version 17
VisualStudioVersion = 17.1.32421.90
MinimumVisualStudioVersion = 10.0.40219.1
Project("{FAE04EC0-301F-11D3-BF4B-00C04F79EFBC}") = "Datos", "Datos\Datos.csproj", "{FF66948D-7E9B-4151-A291-C46EBB2353D4}"
EndProject
Project("{FAE04EC0-301F-11D3-BF4B-00C04F79EFBC}") = "Negocio", "Negocio\Negocio.csproj", "{8B6A1EBE-8780-4ACE-A5E4-60DC563A8206}"
EndProject
Project("{FAE04EC0-301F-11D3-BF4B-00C04F79EFBC}") = "Presentacion", "Presentacion\Presentacion.csproj", "{116F4BC1-3B84-4753-A5BC-91252AE8EA2B}"
EndProject
Project("{FAE04EC0-301F-11D3-BF4B-00C04F79EFBC}") = "PresentacionWeb", "PresentacionWeb\PresentacionWeb.csproj", "{6B0C5BE4-5DDA-4374-8290-2272D9238852}"
EndProject
Global
	GlobalSection(SolutionConfigurationPlatforms) = preSolution
		Debug|Any CPU = Debug|Any CPU
		Release|Any CPU = Release|Any CPU
	EndGlobalSection
	GlobalSection(ProjectConfigurationPlatforms) = postSolution
		{FF66948D-7E9B-4151-A291-C46EBB2353D4}.Debug|Any CPU.ActiveCfg = Debug|Any CPU
		{FF66948D-7E9B-4151-A291-C46EBB2353D4}.Debug|Any CPU.Build.0 = Debug|Any CPU
		{FF66948D-7E9B-4151-A291-C46EBB2353D4}.Release|Any CPU.ActiveCfg = Release|Any CPU
		{FF66948D-7E9B-4151-A291-C46EBB2353D4}.Release|Any CPU.Build.0 = Release|Any CPU
		{8B6A1EBE-8780-4ACE-A5E4-60DC563A8206}.Debug|Any CPU.ActiveCfg = Debug|Any CPU
		{8B6A1EBE-8780-4ACE-A5E4-60DC563A8206}.Debug|Any CPU.Build.0 = Debug|Any CPU
		{8B6A1EBE-8780-4ACE-A5E4-60DC563A8206}.Release|Any CPU.ActiveCfg = Release|Any CPU
		{8B6A1EBE-8780-4ACE-A5E4-60DC563A8206}.Release|Any CPU.Build.0 = Release|Any CPU
		{116F4BC1-3B84-4753-A5BC-91252AE8EA2B}.Debug|Any CPU.ActiveCfg = Debug|Any CPU
		{116F4BC1-3B84-4753-A5BC-91252AE8EA2B}.Debug|Any CPU.Build.0 = Debug|Any CPU
		{116F4BC1-3B84-4753-A5BC-91252AE8EA2B}.Release|Any CPU.ActiveCfg = Release|Any CPU
		{116F4BC1-3B84-4753-A5BC-91252AE8EA2B}.Release|Any CPU.Build.0 = Release|Any CPU
		{6B0C5BE4-5DDA-4374-8290-2272D9238852}.Debug|Any CPU.ActiveCfg = Debug|Any CPU
		{6B0C5BE4-5DDA-4374-8290-2272D9238852}.Debug|Any CPU.Build.0 = Debug|Any CPU
		{6B0C5BE4-5DDA-4374-8290-2272D9238852}.Release|Any CPU.ActiveCfg = Release|Any CPU
		{6B0C5BE4-5DDA-4374-8290-2272D9238852}.Release|Any CPU.Build.0 = Release|Any CPU
	EndGlobalSection
	GlobalSection(SolutionProperties) = preSolution
		HideSolutionNode = FALSE
	EndGlobalSection
	GlobalSection(ExtensibilityGlobals) = postSolution
		SolutionGuid = {9B5D25EA-386B-4FB2-953C-9FAFCFB26A47}
	EndGlobalSection
EndGlobal
